// !$*UTF8*$!
{
	archiveVersion = 1;
	classes = {
	};
	objectVersion = 46;
	objects = {

/* Begin PBXBuildFile section */
		9D54D4FB1A6348A30030A7AE /* Character.m in Sources */ = {isa = PBXBuildFile; fileRef = 9D54D4FA1A6348A30030A7AE /* Character.m */; };
		9D5ADDBE1A63A5AF006CF078 /* Arrow.m in Sources */ = {isa = PBXBuildFile; fileRef = 9D5ADDBD1A63A5AF006CF078 /* Arrow.m */; };
		9D6145501A79CA030063AE10 /* GameHelperLayer.m in Sources */ = {isa = PBXBuildFile; fileRef = 9D61454F1A79CA030063AE10 /* GameHelperLayer.m */; };
		9D6145531A79CB7D0063AE10 /* GameOverLayer.m in Sources */ = {isa = PBXBuildFile; fileRef = 9D6145521A79CB7D0063AE10 /* GameOverLayer.m */; };
		9D6145561A79E3250063AE10 /* StartGameLayer.m in Sources */ = {isa = PBXBuildFile; fileRef = 9D6145551A79E3250063AE10 /* StartGameLayer.m */; };
		9D6145591A7A21280063AE10 /* Snake.m in Sources */ = {isa = PBXBuildFile; fileRef = 9D6145581A7A21280063AE10 /* Snake.m */; };
		9D6892EC1A61BE900087CB43 /* main.m in Sources */ = {isa = PBXBuildFile; fileRef = 9D6892EB1A61BE900087CB43 /* main.m */; };
		9D6892EF1A61BE900087CB43 /* AppDelegate.m in Sources */ = {isa = PBXBuildFile; fileRef = 9D6892EE1A61BE900087CB43 /* AppDelegate.m */; };
		9D6892F21A61BE900087CB43 /* GameScene.m in Sources */ = {isa = PBXBuildFile; fileRef = 9D6892F11A61BE900087CB43 /* GameScene.m */; };
		9D6892F41A61BE900087CB43 /* GameScene.sks in Resources */ = {isa = PBXBuildFile; fileRef = 9D6892F31A61BE900087CB43 /* GameScene.sks */; };
		9D6892F71A61BE900087CB43 /* GameViewController.m in Sources */ = {isa = PBXBuildFile; fileRef = 9D6892F61A61BE900087CB43 /* GameViewController.m */; };
		9D6892FA1A61BE900087CB43 /* Main.storyboard in Resources */ = {isa = PBXBuildFile; fileRef = 9D6892F81A61BE900087CB43 /* Main.storyboard */; };
		9D6892FC1A61BE900087CB43 /* Images.xcassets in Resources */ = {isa = PBXBuildFile; fileRef = 9D6892FB1A61BE900087CB43 /* Images.xcassets */; };
		9D6892FF1A61BE900087CB43 /* LaunchScreen.xib in Resources */ = {isa = PBXBuildFile; fileRef = 9D6892FD1A61BE900087CB43 /* LaunchScreen.xib */; };
		9D68930B1A61BE900087CB43 /* ArmagedonTests.m in Sources */ = {isa = PBXBuildFile; fileRef = 9D68930A1A61BE900087CB43 /* ArmagedonTests.m */; };
		9DBC40061A7AD04100BAB743 /* TutorialGameLayer.m in Sources */ = {isa = PBXBuildFile; fileRef = 9DBC40051A7AD04100BAB743 /* TutorialGameLayer.m */; };
		9DBC40081A7ADAF400BAB743 /* arabesqueSounds.wav in Resources */ = {isa = PBXBuildFile; fileRef = 9DBC40071A7ADAF400BAB743 /* arabesqueSounds.wav */; };
		9DBC400C1A7ADC8100BAB743 /* explosion.wav in Resources */ = {isa = PBXBuildFile; fileRef = 9DBC400B1A7ADC8100BAB743 /* explosion.wav */; };
		9DDA518F1A7AE3490053F28D /* Crashlytics.framework in Frameworks */ = {isa = PBXBuildFile; fileRef = 9DDA518D1A7AE3490053F28D /* Crashlytics.framework */; };
		9DDA51901A7AE3490053F28D /* Fabric.framework in Frameworks */ = {isa = PBXBuildFile; fileRef = 9DDA518E1A7AE3490053F28D /* Fabric.framework */; };
/* End PBXBuildFile section */

/* Begin PBXContainerItemProxy section */
		9D6893051A61BE900087CB43 /* PBXContainerItemProxy */ = {
			isa = PBXContainerItemProxy;
			containerPortal = 9D6892DE1A61BE900087CB43 /* Project object */;
			proxyType = 1;
			remoteGlobalIDString = 9D6892E51A61BE900087CB43;
			remoteInfo = Armagedon;
		};
/* End PBXContainerItemProxy section */

/* Begin PBXFileReference section */
		9D23B63E1A66351900FA727F /* ObjectMasks.h */ = {isa = PBXFileReference; lastKnownFileType = sourcecode.c.h; path = ObjectMasks.h; sourceTree = "<group>"; };
		9D54D4F91A6348A30030A7AE /* Character.h */ = {isa = PBXFileReference; fileEncoding = 4; lastKnownFileType = sourcecode.c.h; path = Character.h; sourceTree = "<group>"; };
		9D54D4FA1A6348A30030A7AE /* Character.m */ = {isa = PBXFileReference; fileEncoding = 4; lastKnownFileType = sourcecode.c.objc; path = Character.m; sourceTree = "<group>"; };
		9D5ADDBC1A63A5AF006CF078 /* Arrow.h */ = {isa = PBXFileReference; fileEncoding = 4; lastKnownFileType = sourcecode.c.h; path = Arrow.h; sourceTree = "<group>"; };
		9D5ADDBD1A63A5AF006CF078 /* Arrow.m */ = {isa = PBXFileReference; fileEncoding = 4; lastKnownFileType = sourcecode.c.objc; path = Arrow.m; sourceTree = "<group>"; };
		9D61454E1A79CA030063AE10 /* GameHelperLayer.h */ = {isa = PBXFileReference; fileEncoding = 4; lastKnownFileType = sourcecode.c.h; path = GameHelperLayer.h; sourceTree = "<group>"; };
		9D61454F1A79CA030063AE10 /* GameHelperLayer.m */ = {isa = PBXFileReference; fileEncoding = 4; lastKnownFileType = sourcecode.c.objc; path = GameHelperLayer.m; sourceTree = "<group>"; };
		9D6145511A79CB7D0063AE10 /* GameOverLayer.h */ = {isa = PBXFileReference; fileEncoding = 4; lastKnownFileType = sourcecode.c.h; path = GameOverLayer.h; sourceTree = "<group>"; };
		9D6145521A79CB7D0063AE10 /* GameOverLayer.m */ = {isa = PBXFileReference; fileEncoding = 4; lastKnownFileType = sourcecode.c.objc; path = GameOverLayer.m; sourceTree = "<group>"; };
		9D6145541A79E3250063AE10 /* StartGameLayer.h */ = {isa = PBXFileReference; fileEncoding = 4; lastKnownFileType = sourcecode.c.h; path = StartGameLayer.h; sourceTree = "<group>"; };
		9D6145551A79E3250063AE10 /* StartGameLayer.m */ = {isa = PBXFileReference; fileEncoding = 4; lastKnownFileType = sourcecode.c.objc; path = StartGameLayer.m; sourceTree = "<group>"; };
		9D6145571A7A21280063AE10 /* Snake.h */ = {isa = PBXFileReference; fileEncoding = 4; lastKnownFileType = sourcecode.c.h; path = Snake.h; sourceTree = "<group>"; };
		9D6145581A7A21280063AE10 /* Snake.m */ = {isa = PBXFileReference; fileEncoding = 4; lastKnownFileType = sourcecode.c.objc; path = Snake.m; sourceTree = "<group>"; };
		9D6892E61A61BE900087CB43 /* Armagedon.app */ = {isa = PBXFileReference; explicitFileType = wrapper.application; includeInIndex = 0; path = Armagedon.app; sourceTree = BUILT_PRODUCTS_DIR; };
		9D6892EA1A61BE900087CB43 /* Info.plist */ = {isa = PBXFileReference; lastKnownFileType = text.plist.xml; path = Info.plist; sourceTree = "<group>"; };
		9D6892EB1A61BE900087CB43 /* main.m */ = {isa = PBXFileReference; lastKnownFileType = sourcecode.c.objc; path = main.m; sourceTree = "<group>"; };
		9D6892ED1A61BE900087CB43 /* AppDelegate.h */ = {isa = PBXFileReference; lastKnownFileType = sourcecode.c.h; path = AppDelegate.h; sourceTree = "<group>"; };
		9D6892EE1A61BE900087CB43 /* AppDelegate.m */ = {isa = PBXFileReference; lastKnownFileType = sourcecode.c.objc; path = AppDelegate.m; sourceTree = "<group>"; };
		9D6892F01A61BE900087CB43 /* GameScene.h */ = {isa = PBXFileReference; lastKnownFileType = sourcecode.c.h; path = GameScene.h; sourceTree = "<group>"; };
		9D6892F11A61BE900087CB43 /* GameScene.m */ = {isa = PBXFileReference; lastKnownFileType = sourcecode.c.objc; path = GameScene.m; sourceTree = "<group>"; };
		9D6892F31A61BE900087CB43 /* GameScene.sks */ = {isa = PBXFileReference; lastKnownFileType = file.sks; path = GameScene.sks; sourceTree = "<group>"; };
		9D6892F51A61BE900087CB43 /* GameViewController.h */ = {isa = PBXFileReference; lastKnownFileType = sourcecode.c.h; path = GameViewController.h; sourceTree = "<group>"; };
		9D6892F61A61BE900087CB43 /* GameViewController.m */ = {isa = PBXFileReference; lastKnownFileType = sourcecode.c.objc; path = GameViewController.m; sourceTree = "<group>"; };
		9D6892F91A61BE900087CB43 /* Base */ = {isa = PBXFileReference; lastKnownFileType = file.storyboard; name = Base; path = Base.lproj/Main.storyboard; sourceTree = "<group>"; };
		9D6892FB1A61BE900087CB43 /* Images.xcassets */ = {isa = PBXFileReference; lastKnownFileType = folder.assetcatalog; path = Images.xcassets; sourceTree = "<group>"; };
		9D6892FE1A61BE900087CB43 /* Base */ = {isa = PBXFileReference; lastKnownFileType = file.xib; name = Base; path = Base.lproj/LaunchScreen.xib; sourceTree = "<group>"; };
		9D6893041A61BE900087CB43 /* ArmagedonTests.xctest */ = {isa = PBXFileReference; explicitFileType = wrapper.cfbundle; includeInIndex = 0; path = ArmagedonTests.xctest; sourceTree = BUILT_PRODUCTS_DIR; };
		9D6893091A61BE900087CB43 /* Info.plist */ = {isa = PBXFileReference; lastKnownFileType = text.plist.xml; path = Info.plist; sourceTree = "<group>"; };
		9D68930A1A61BE900087CB43 /* ArmagedonTests.m */ = {isa = PBXFileReference; lastKnownFileType = sourcecode.c.objc; path = ArmagedonTests.m; sourceTree = "<group>"; };
		9DBC40041A7AD04100BAB743 /* TutorialGameLayer.h */ = {isa = PBXFileReference; fileEncoding = 4; lastKnownFileType = sourcecode.c.h; path = TutorialGameLayer.h; sourceTree = "<group>"; };
		9DBC40051A7AD04100BAB743 /* TutorialGameLayer.m */ = {isa = PBXFileReference; fileEncoding = 4; lastKnownFileType = sourcecode.c.objc; path = TutorialGameLayer.m; sourceTree = "<group>"; };
		9DBC40071A7ADAF400BAB743 /* arabesqueSounds.wav */ = {isa = PBXFileReference; lastKnownFileType = audio.wav; path = arabesqueSounds.wav; sourceTree = "<group>"; };
		9DBC400B1A7ADC8100BAB743 /* explosion.wav */ = {isa = PBXFileReference; lastKnownFileType = audio.wav; path = explosion.wav; sourceTree = "<group>"; };
		9DDA518D1A7AE3490053F28D /* Crashlytics.framework */ = {isa = PBXFileReference; lastKnownFileType = wrapper.framework; path = Crashlytics.framework; sourceTree = SOURCE_ROOT; };
		9DDA518E1A7AE3490053F28D /* Fabric.framework */ = {isa = PBXFileReference; lastKnownFileType = wrapper.framework; path = Fabric.framework; sourceTree = SOURCE_ROOT; };
/* End PBXFileReference section */

/* Begin PBXFrameworksBuildPhase section */
		9D6892E31A61BE900087CB43 /* Frameworks */ = {
			isa = PBXFrameworksBuildPhase;
			buildActionMask = 2147483647;
			files = (
				9DDA518F1A7AE3490053F28D /* Crashlytics.framework in Frameworks */,
				9DDA51901A7AE3490053F28D /* Fabric.framework in Frameworks */,
			);
			runOnlyForDeploymentPostprocessing = 0;
		};
		9D6893011A61BE900087CB43 /* Frameworks */ = {
			isa = PBXFrameworksBuildPhase;
			buildActionMask = 2147483647;
			files = (
			);
			runOnlyForDeploymentPostprocessing = 0;
		};
/* End PBXFrameworksBuildPhase section */

/* Begin PBXGroup section */
		9D6892DD1A61BE900087CB43 = {
			isa = PBXGroup;
			children = (
				9D6892E81A61BE900087CB43 /* Armagedon */,
				9D6893071A61BE900087CB43 /* ArmagedonTests */,
				9D6892E71A61BE900087CB43 /* Products */,
			);
			sourceTree = "<group>";
		};
		9D6892E71A61BE900087CB43 /* Products */ = {
			isa = PBXGroup;
			children = (
				9D6892E61A61BE900087CB43 /* Armagedon.app */,
				9D6893041A61BE900087CB43 /* ArmagedonTests.xctest */,
			);
			name = Products;
			sourceTree = "<group>";
		};
		9D6892E81A61BE900087CB43 /* Armagedon */ = {
			isa = PBXGroup;
			children = (
				9D6892ED1A61BE900087CB43 /* AppDelegate.h */,
				9D6892EE1A61BE900087CB43 /* AppDelegate.m */,
				9D6892F01A61BE900087CB43 /* GameScene.h */,
				9D6892F11A61BE900087CB43 /* GameScene.m */,
				9D6892F31A61BE900087CB43 /* GameScene.sks */,
				9D54D4F91A6348A30030A7AE /* Character.h */,
				9D54D4FA1A6348A30030A7AE /* Character.m */,
				9D6145571A7A21280063AE10 /* Snake.h */,
				9D6145581A7A21280063AE10 /* Snake.m */,
				9D5ADDBC1A63A5AF006CF078 /* Arrow.h */,
				9D5ADDBD1A63A5AF006CF078 /* Arrow.m */,
				9D61454E1A79CA030063AE10 /* GameHelperLayer.h */,
				9D61454F1A79CA030063AE10 /* GameHelperLayer.m */,
				9D6145541A79E3250063AE10 /* StartGameLayer.h */,
				9D6145551A79E3250063AE10 /* StartGameLayer.m */,
				9DBC40041A7AD04100BAB743 /* TutorialGameLayer.h */,
				9DBC40051A7AD04100BAB743 /* TutorialGameLayer.m */,
				9D6145511A79CB7D0063AE10 /* GameOverLayer.h */,
				9D6145521A79CB7D0063AE10 /* GameOverLayer.m */,
				9D6892F51A61BE900087CB43 /* GameViewController.h */,
				9D6892F61A61BE900087CB43 /* GameViewController.m */,
				9D23B63E1A66351900FA727F /* ObjectMasks.h */,
				9D6892F81A61BE900087CB43 /* Main.storyboard */,
				9D6892FB1A61BE900087CB43 /* Images.xcassets */,
				9D6892FD1A61BE900087CB43 /* LaunchScreen.xib */,
				9DDA518D1A7AE3490053F28D /* Crashlytics.framework */,
				9DDA518E1A7AE3490053F28D /* Fabric.framework */,
				9D6892E91A61BE900087CB43 /* Supporting Files */,
			);
			path = Armagedon;
			sourceTree = "<group>";
		};
		9D6892E91A61BE900087CB43 /* Supporting Files */ = {
			isa = PBXGroup;
			children = (
				9DBC400B1A7ADC8100BAB743 /* explosion.wav */,
				9DBC40071A7ADAF400BAB743 /* arabesqueSounds.wav */,
				9D6892EA1A61BE900087CB43 /* Info.plist */,
				9D6892EB1A61BE900087CB43 /* main.m */,
			);
			name = "Supporting Files";
			sourceTree = "<group>";
		};
		9D6893071A61BE900087CB43 /* ArmagedonTests */ = {
			isa = PBXGroup;
			children = (
				9D68930A1A61BE900087CB43 /* ArmagedonTests.m */,
				9D6893081A61BE900087CB43 /* Supporting Files */,
			);
			path = ArmagedonTests;
			sourceTree = "<group>";
		};
		9D6893081A61BE900087CB43 /* Supporting Files */ = {
			isa = PBXGroup;
			children = (
				9D6893091A61BE900087CB43 /* Info.plist */,
			);
			name = "Supporting Files";
			sourceTree = "<group>";
		};
/* End PBXGroup section */

/* Begin PBXNativeTarget section */
		9D6892E51A61BE900087CB43 /* Armagedon */ = {
			isa = PBXNativeTarget;
			buildConfigurationList = 9D68930E1A61BE900087CB43 /* Build configuration list for PBXNativeTarget "Armagedon" */;
			buildPhases = (
				9D6892E21A61BE900087CB43 /* Sources */,
				9D6892E31A61BE900087CB43 /* Frameworks */,
				9D6892E41A61BE900087CB43 /* Resources */,
				9DDA518C1A7AE2F80053F28D /* ShellScript */,
			);
			buildRules = (
			);
			dependencies = (
			);
			name = Armagedon;
			productName = Armagedon;
			productReference = 9D6892E61A61BE900087CB43 /* Armagedon.app */;
			productType = "com.apple.product-type.application";
		};
		9D6893031A61BE900087CB43 /* ArmagedonTests */ = {
			isa = PBXNativeTarget;
			buildConfigurationList = 9D6893111A61BE900087CB43 /* Build configuration list for PBXNativeTarget "ArmagedonTests" */;
			buildPhases = (
				9D6893001A61BE900087CB43 /* Sources */,
				9D6893011A61BE900087CB43 /* Frameworks */,
				9D6893021A61BE900087CB43 /* Resources */,
			);
			buildRules = (
			);
			dependencies = (
				9D6893061A61BE900087CB43 /* PBXTargetDependency */,
			);
			name = ArmagedonTests;
			productName = ArmagedonTests;
			productReference = 9D6893041A61BE900087CB43 /* ArmagedonTests.xctest */;
			productType = "com.apple.product-type.bundle.unit-test";
		};
/* End PBXNativeTarget section */

/* Begin PBXProject section */
		9D6892DE1A61BE900087CB43 /* Project object */ = {
			isa = PBXProject;
			attributes = {
				LastUpgradeCheck = 0610;
				ORGANIZATIONNAME = "Little Games";
				TargetAttributes = {
					9D6892E51A61BE900087CB43 = {
						CreatedOnToolsVersion = 6.1.1;
						DevelopmentTeam = 8RGZQZTCY6;
					};
					9D6893031A61BE900087CB43 = {
						CreatedOnToolsVersion = 6.1.1;
						TestTargetID = 9D6892E51A61BE900087CB43;
					};
				};
			};
			buildConfigurationList = 9D6892E11A61BE900087CB43 /* Build configuration list for PBXProject "Armagedon" */;
			compatibilityVersion = "Xcode 3.2";
			developmentRegion = English;
			hasScannedForEncodings = 0;
			knownRegions = (
				en,
				Base,
			);
			mainGroup = 9D6892DD1A61BE900087CB43;
			productRefGroup = 9D6892E71A61BE900087CB43 /* Products */;
			projectDirPath = "";
			projectRoot = "";
			targets = (
				9D6892E51A61BE900087CB43 /* Armagedon */,
				9D6893031A61BE900087CB43 /* ArmagedonTests */,
			);
		};
/* End PBXProject section */

/* Begin PBXResourcesBuildPhase section */
		9D6892E41A61BE900087CB43 /* Resources */ = {
			isa = PBXResourcesBuildPhase;
			buildActionMask = 2147483647;
			files = (
				9DBC400C1A7ADC8100BAB743 /* explosion.wav in Resources */,
				9D6892FF1A61BE900087CB43 /* LaunchScreen.xib in Resources */,
				9D6892FC1A61BE900087CB43 /* Images.xcassets in Resources */,
				9DBC40081A7ADAF400BAB743 /* arabesqueSounds.wav in Resources */,
				9D6892F41A61BE900087CB43 /* GameScene.sks in Resources */,
				9D6892FA1A61BE900087CB43 /* Main.storyboard in Resources */,
			);
			runOnlyForDeploymentPostprocessing = 0;
		};
		9D6893021A61BE900087CB43 /* Resources */ = {
			isa = PBXResourcesBuildPhase;
			buildActionMask = 2147483647;
			files = (
			);
			runOnlyForDeploymentPostprocessing = 0;
		};
/* End PBXResourcesBuildPhase section */

/* Begin PBXShellScriptBuildPhase section */
		9DDA518C1A7AE2F80053F28D /* ShellScript */ = {
			isa = PBXShellScriptBuildPhase;
			buildActionMask = 12;
			files = (
			);
			inputPaths = (
			);
			outputPaths = (
			);
			runOnlyForDeploymentPostprocessing = 0;
			shellPath = /bin/sh;
			shellScript = "./Fabric.framework/run 2fcd6b973c7d951d5244392bb5dcc4beda633c17 aaae8f0d414187d7c1e225a164acaf8e071a7e9e66cc3b5cf61b92be1ff2d306";
		};
/* End PBXShellScriptBuildPhase section */

/* Begin PBXSourcesBuildPhase section */
		9D6892E21A61BE900087CB43 /* Sources */ = {
			isa = PBXSourcesBuildPhase;
			buildActionMask = 2147483647;
			files = (
				9D6892F71A61BE900087CB43 /* GameViewController.m in Sources */,
				9D6892EF1A61BE900087CB43 /* AppDelegate.m in Sources */,
				9D6145591A7A21280063AE10 /* Snake.m in Sources */,
				9D6145561A79E3250063AE10 /* StartGameLayer.m in Sources */,
				9D5ADDBE1A63A5AF006CF078 /* Arrow.m in Sources */,
				9D6145531A79CB7D0063AE10 /* GameOverLayer.m in Sources */,
				9D6892F21A61BE900087CB43 /* GameScene.m in Sources */,
				9DBC40061A7AD04100BAB743 /* TutorialGameLayer.m in Sources */,
				9D6892EC1A61BE900087CB43 /* main.m in Sources */,
				9D54D4FB1A6348A30030A7AE /* Character.m in Sources */,
				9D6145501A79CA030063AE10 /* GameHelperLayer.m in Sources */,
			);
			runOnlyForDeploymentPostprocessing = 0;
		};
		9D6893001A61BE900087CB43 /* Sources */ = {
			isa = PBXSourcesBuildPhase;
			buildActionMask = 2147483647;
			files = (
				9D68930B1A61BE900087CB43 /* ArmagedonTests.m in Sources */,
			);
			runOnlyForDeploymentPostprocessing = 0;
		};
/* End PBXSourcesBuildPhase section */

/* Begin PBXTargetDependency section */
		9D6893061A61BE900087CB43 /* PBXTargetDependency */ = {
			isa = PBXTargetDependency;
			target = 9D6892E51A61BE900087CB43 /* Armagedon */;
			targetProxy = 9D6893051A61BE900087CB43 /* PBXContainerItemProxy */;
		};
/* End PBXTargetDependency section */

/* Begin PBXVariantGroup section */
		9D6892F81A61BE900087CB43 /* Main.storyboard */ = {
			isa = PBXVariantGroup;
			children = (
				9D6892F91A61BE900087CB43 /* Base */,
			);
			name = Main.storyboard;
			sourceTree = "<group>";
		};
		9D6892FD1A61BE900087CB43 /* LaunchScreen.xib */ = {
			isa = PBXVariantGroup;
			children = (
				9D6892FE1A61BE900087CB43 /* Base */,
			);
			name = LaunchScreen.xib;
			sourceTree = "<group>";
		};
/* End PBXVariantGroup section */

/* Begin XCBuildConfiguration section */
		9D68930C1A61BE900087CB43 /* Debug */ = {
			isa = XCBuildConfiguration;
			buildSettings = {
				ALWAYS_SEARCH_USER_PATHS = NO;
				CLANG_CXX_LANGUAGE_STANDARD = "gnu++0x";
				CLANG_CXX_LIBRARY = "libc++";
				CLANG_ENABLE_MODULES = YES;
				CLANG_ENABLE_OBJC_ARC = YES;
				CLANG_WARN_BOOL_CONVERSION = YES;
				CLANG_WARN_CONSTANT_CONVERSION = YES;
				CLANG_WARN_DIRECT_OBJC_ISA_USAGE = YES_ERROR;
				CLANG_WARN_EMPTY_BODY = YES;
				CLANG_WARN_ENUM_CONVERSION = YES;
				CLANG_WARN_INT_CONVERSION = YES;
				CLANG_WARN_OBJC_ROOT_CLASS = YES_ERROR;
				CLANG_WARN_UNREACHABLE_CODE = YES;
				CLANG_WARN__DUPLICATE_METHOD_MATCH = YES;
				"CODE_SIGN_IDENTITY[sdk=iphoneos*]" = "iPhone Developer";
				COPY_PHASE_STRIP = NO;
				ENABLE_STRICT_OBJC_MSGSEND = YES;
				GCC_C_LANGUAGE_STANDARD = gnu99;
				GCC_DYNAMIC_NO_PIC = NO;
				GCC_OPTIMIZATION_LEVEL = 0;
				GCC_PREPROCESSOR_DEFINITIONS = (
					"DEBUG=1",
					"$(inherited)",
				);
				GCC_SYMBOLS_PRIVATE_EXTERN = NO;
				GCC_WARN_64_TO_32_BIT_CONVERSION = YES;
				GCC_WARN_ABOUT_RETURN_TYPE = YES_ERROR;
				GCC_WARN_UNDECLARED_SELECTOR = YES;
				GCC_WARN_UNINITIALIZED_AUTOS = YES_AGGRESSIVE;
				GCC_WARN_UNUSED_FUNCTION = YES;
				GCC_WARN_UNUSED_VARIABLE = YES;
				IPHONEOS_DEPLOYMENT_TARGET = 8.1;
				MTL_ENABLE_DEBUG_INFO = YES;
				ONLY_ACTIVE_ARCH = YES;
				SDKROOT = iphoneos;
			};
			name = Debug;
		};
		9D68930D1A61BE900087CB43 /* Release */ = {
			isa = XCBuildConfiguration;
			buildSettings = {
				ALWAYS_SEARCH_USER_PATHS = NO;
				CLANG_CXX_LANGUAGE_STANDARD = "gnu++0x";
				CLANG_CXX_LIBRARY = "libc++";
				CLANG_ENABLE_MODULES = YES;
				CLANG_ENABLE_OBJC_ARC = YES;
				CLANG_WARN_BOOL_CONVERSION = YES;
				CLANG_WARN_CONSTANT_CONVERSION = YES;
				CLANG_WARN_DIRECT_OBJC_ISA_USAGE = YES_ERROR;
				CLANG_WARN_EMPTY_BODY = YES;
				CLANG_WARN_ENUM_CONVERSION = YES;
				CLANG_WARN_INT_CONVERSION = YES;
				CLANG_WARN_OBJC_ROOT_CLASS = YES_ERROR;
				CLANG_WARN_UNREACHABLE_CODE = YES;
				CLANG_WARN__DUPLICATE_METHOD_MATCH = YES;
				"CODE_SIGN_IDENTITY[sdk=iphoneos*]" = "iPhone Developer";
				COPY_PHASE_STRIP = YES;
				ENABLE_NS_ASSERTIONS = NO;
				ENABLE_STRICT_OBJC_MSGSEND = YES;
				GCC_C_LANGUAGE_STANDARD = gnu99;
				GCC_WARN_64_TO_32_BIT_CONVERSION = YES;
				GCC_WARN_ABOUT_RETURN_TYPE = YES_ERROR;
				GCC_WARN_UNDECLARED_SELECTOR = YES;
				GCC_WARN_UNINITIALIZED_AUTOS = YES_AGGRESSIVE;
				GCC_WARN_UNUSED_FUNCTION = YES;
				GCC_WARN_UNUSED_VARIABLE = YES;
				IPHONEOS_DEPLOYMENT_TARGET = 8.1;
				MTL_ENABLE_DEBUG_INFO = NO;
				SDKROOT = iphoneos;
				VALIDATE_PRODUCT = YES;
			};
			name = Release;
		};
		9D68930F1A61BE900087CB43 /* Debug */ = {
			isa = XCBuildConfiguration;
			buildSettings = {
				ASSETCATALOG_COMPILER_APPICON_NAME = AppIcon;
				CODE_SIGN_IDENTITY = "iPhone Developer";
				"CODE_SIGN_IDENTITY[sdk=iphoneos*]" = "iPhone Developer";
				FRAMEWORK_SEARCH_PATHS = (
					"$(inherited)",
					"$(PROJECT_DIR)",
				);
				INFOPLIST_FILE = Armagedon/Info.plist;
				LD_RUNPATH_SEARCH_PATHS = "$(inherited) @executable_path/Frameworks";
				PRODUCT_NAME = Armagedon;
				PROVISIONING_PROFILE = "";
			};
			name = Debug;
		};
		9D6893101A61BE900087CB43 /* Release */ = {
			isa = XCBuildConfiguration;
			buildSettings = {
				ASSETCATALOG_COMPILER_APPICON_NAME = AppIcon;
				CODE_SIGN_IDENTITY = "iPhone Developer";
				"CODE_SIGN_IDENTITY[sdk=iphoneos*]" = "iPhone Developer";
				FRAMEWORK_SEARCH_PATHS = (
					"$(inherited)",
					"$(PROJECT_DIR)",
				);
				INFOPLIST_FILE = Armagedon/Info.plist;
				LD_RUNPATH_SEARCH_PATHS = "$(inherited) @executable_path/Frameworks";
				PRODUCT_NAME = Armagedon;
				PROVISIONING_PROFILE = "";
			};
			name = Release;
		};
		9D6893121A61BE900087CB43 /* Debug */ = {
			isa = XCBuildConfiguration;
			buildSettings = {
				BUNDLE_LOADER = "$(TEST_HOST)";
				FRAMEWORK_SEARCH_PATHS = (
					"$(SDKROOT)/Developer/Library/Frameworks",
					"$(inherited)",
				);
				GCC_PREPROCESSOR_DEFINITIONS = (
					"DEBUG=1",
					"$(inherited)",
				);
				INFOPLIST_FILE = ArmagedonTests/Info.plist;
				LD_RUNPATH_SEARCH_PATHS = "$(inherited) @executable_path/Frameworks @loader_path/Frameworks";
				PRODUCT_NAME = ArmagedonTests;
				TEST_HOST = "$(BUILT_PRODUCTS_DIR)/Armagedon.app/Armagedon";
			};
			name = Debug;
		};
		9D6893131A61BE900087CB43 /* Release */ = {
			isa = XCBuildConfiguration;
			buildSettings = {
				BUNDLE_LOADER = "$(TEST_HOST)";
				FRAMEWORK_SEARCH_PATHS = (
					"$(SDKROOT)/Developer/Library/Frameworks",
					"$(inherited)",
				);
				INFOPLIST_FILE = ArmagedonTests/Info.plist;
				LD_RUNPATH_SEARCH_PATHS = "$(inherited) @executable_path/Frameworks @loader_path/Frameworks";
				PRODUCT_NAME = ArmagedonTests;
				TEST_HOST = "$(BUILT_PRODUCTS_DIR)/Armagedon.app/Armagedon";
			};
			name = Release;
		};
/* End XCBuildConfiguration section */

/* Begin XCConfigurationList section */
		9D6892E11A61BE900087CB43 /* Build configuration list for PBXProject "Armagedon" */ = {
			isa = XCConfigurationList;
			buildConfigurations = (
				9D68930C1A61BE900087CB43 /* Debug */,
				9D68930D1A61BE900087CB43 /* Release */,
			);
			defaultConfigurationIsVisible = 0;
			defaultConfigurationName = Release;
		};
		9D68930E1A61BE900087CB43 /* Build configuration list for PBXNativeTarget "Armagedon" */ = {
			isa = XCConfigurationList;
			buildConfigurations = (
				9D68930F1A61BE900087CB43 /* Debug */,
				9D6893101A61BE900087CB43 /* Release */,
			);
			defaultConfigurationIsVisible = 0;
			defaultConfigurationName = Release;
		};
		9D6893111A61BE900087CB43 /* Build configuration list for PBXNativeTarget "ArmagedonTests" */ = {
			isa = XCConfigurationList;
			buildConfigurations = (
				9D6893121A61BE900087CB43 /* Debug */,
				9D6893131A61BE900087CB43 /* Release */,
			);
			defaultConfigurationIsVisible = 0;
			defaultConfigurationName = Release;
		};
/* End XCConfigurationList section */
	};
	rootObject = 9D6892DE1A61BE900087CB43 /* Project object */;
}
